
Microsoft Visual Studio Solution File, Format Version 12.00
# Visual Studio Version 16
VisualStudioVersion = 16.0.30204.135
MinimumVisualStudioVersion = 10.0.40219.1
Project("{9A19103F-16F7-4668-BE54-9A1E7A4F7556}") = "xxHash4net", "hashlibs\ailen0ada.xxHash4net\xxHash4net\xxHash4net.csproj", "{D13936B8-D61D-448B-BC0A-9A35C2EF9C94}"
EndProject
Project("{9A19103F-16F7-4668-BE54-9A1E7A4F7556}") = "OpenSource.Data.HashFunction.xxHash", "hashlibs\brandondahler.Data.HashFunction\src\OpenSource.Data.HashFunction.xxHash\OpenSource.Data.HashFunction.xxHash.csproj", "{F4342F17-0ECB-4259-8162-F477BCA86EBC}"
EndProject
Project("{9A19103F-16F7-4668-BE54-9A1E7A4F7556}") = "OpenSource.Data.HashFunction.Core", "hashlibs\brandondahler.Data.HashFunction\src\OpenSource.Data.HashFunction.Core\OpenSource.Data.HashFunction.Core.csproj", "{A337D3DE-2B94-4EE8-BD20-480E39E455F2}"
EndProject
Project("{9A19103F-16F7-4668-BE54-9A1E7A4F7556}") = "OpenSource.Data.HashFunction.Interfaces", "hashlibs\brandondahler.Data.HashFunction\src\OpenSource.Data.HashFunction.Interfaces\OpenSource.Data.HashFunction.Interfaces.csproj", "{CAE27208-52BB-41CD-AC2E-182B3354B4D0}"
EndProject
Project("{9A19103F-16F7-4668-BE54-9A1E7A4F7556}") = "ByteTerrace.Maths.Probability.XxHash", "hashlibs\ByteTerrace.Maths.Probability.XxHash\Project\ByteTerrace.Maths.Probability.XxHash.csproj", "{60D7872D-81F7-461A-AD20-36BB7364647D}"
EndProject
Project("{FAE04EC0-301F-11D3-BF4B-00C04F79EFBC}") = "YYProject.XXHash", "hashlibs\differentrain.YYProject.XXHash\XXHash\YYProject.XXHash\YYProject.XXHash.csproj", "{CED09F1F-7936-46DC-8B25-A7517DA4E68F}"
EndProject
Project("{9A19103F-16F7-4668-BE54-9A1E7A4F7556}") = "ES.XxHash", "hashlibs\EnokiSolutions.es-xxhash\ES.XxHash\ES.XxHash.csproj", "{4A0005F2-DCCA-41B4-B143-0A74319C7579}"
EndProject
Project("{9A19103F-16F7-4668-BE54-9A1E7A4F7556}") = "FT.xxHash", "hashlibs\ftlab.FT.xxHash\src\FT.xxHash\FT.xxHash.csproj", "{F0EA2FF6-6F89-43D5-8CA2-995CCC1E36FF}"
EndProject
Project("{9A19103F-16F7-4668-BE54-9A1E7A4F7556}") = "K4os.Hash.xxHash", "hashlibs\MiloszKrajewski.K4os.Hash.xxHash\src\K4os.Hash.xxHash\K4os.Hash.xxHash.csproj", "{5D524A76-15D3-4E31-AE5E-293696F239ED}"
EndProject
Project("{9A19103F-16F7-4668-BE54-9A1E7A4F7556}") = "xxHash", "hashlibs\neosmart.hashing.net\xxHash\xxHash.csproj", "{805253AB-0DF6-486D-8AB2-53DBF3D7CFBF}"
EndProject
Project("{FAE04EC0-301F-11D3-BF4B-00C04F79EFBC}") = "XXHash-Net45", "hashlibs\shibox.XXHash\XXHash-Net45\XXHash-Net45.csproj", "{E237711B-0143-4571-A06B-6C9A93202177}"
EndProject
Project("{9A19103F-16F7-4668-BE54-9A1E7A4F7556}") = "HashDepot", "hashlibs\ssg.HashDepot\src\HashDepot.csproj", "{58CACA23-0539-4EB8-A561-EC9CB7AB6512}"
EndProject
Project("{9A19103F-16F7-4668-BE54-9A1E7A4F7556}") = "Standart.Hash.xxHash", "hashlibs\uranium62.xxHash\src\Standart.Hash.xxHash\Standart.Hash.xxHash.csproj", "{C001CE78-9A0F-4CF0-BD56-CCA47AA74180}"
EndProject
Project("{9A19103F-16F7-4668-BE54-9A1E7A4F7556}") = "Smash", "hashlibs\xoofx.smash\src\Smash\Smash.csproj", "{EEBFEF66-7250-437A-A04E-085C44925401}"
EndProject
Project("{9A19103F-16F7-4668-BE54-9A1E7A4F7556}") = "xxHash3", "hashlibs\Zhentar.xxHash3.NET\xxHash3\xxHash3.csproj", "{CB88004D-42D5-4486-9E57-AF1B69A30C8A}"
EndProject
Project("{2150E333-8FDC-42A3-9474-1A3956D46DE8}") = "hashlibs", "hashlibs", "{5850AAE8-5817-404F-BE17-1D923A6E0FFF}"
EndProject
Project("{9A19103F-16F7-4668-BE54-9A1E7A4F7556}") = "Extensions.Data.xxHash.core20", "hashlibs\wilhelmliao.xxHash.NET\src\Extensions.Data.xxHash\Extensions.Data.xxHash.core20.csproj", "{B05D31C4-698A-422D-B284-0C7F6D435403}"
EndProject
Project("{9A19103F-16F7-4668-BE54-9A1E7A4F7556}") = "Hash.NET.Benchmark", "source\Hash.NET.Benchmark.csproj", "{2ECD59D7-276C-4668-BF33-F55D3BE15A01}"
EndProject
Project("{FAE04EC0-301F-11D3-BF4B-00C04F79EFBC}") = "Runner-netcore30", "Runner\Runner-netcore30.csproj", "{DDC5BDE9-37B8-4443-A394-2EAA68866C96}"
	ProjectSection(ProjectDependencies) = postProject
		{2ECD59D7-276C-4668-BF33-F55D3BE15A01} = {2ECD59D7-276C-4668-BF33-F55D3BE15A01}
	EndProjectSection
EndProject
Project("{9A19103F-16F7-4668-BE54-9A1E7A4F7556}") = "Runner-net472", "Runner\Runner-net472.csproj", "{470606C0-DE18-434F-B254-9EE61F510C3B}"
EndProject
Global
	GlobalSection(SolutionConfigurationPlatforms) = preSolution
		Debug|Any CPU = Debug|Any CPU
		Debug|x64 = Debug|x64
		Debug|x86 = Debug|x86
		Publish|Any CPU = Publish|Any CPU
		Publish|x64 = Publish|x64
		Publish|x86 = Publish|x86
		Release|Any CPU = Release|Any CPU
		Release|x64 = Release|x64
		Release|x86 = Release|x86
	EndGlobalSection
	GlobalSection(ProjectConfigurationPlatforms) = postSolution
		{D13936B8-D61D-448B-BC0A-9A35C2EF9C94}.Debug|Any CPU.ActiveCfg = Debug|Any CPU
		{D13936B8-D61D-448B-BC0A-9A35C2EF9C94}.Debug|Any CPU.Build.0 = Debug|Any CPU
		{D13936B8-D61D-448B-BC0A-9A35C2EF9C94}.Debug|x64.ActiveCfg = Debug|x64
		{D13936B8-D61D-448B-BC0A-9A35C2EF9C94}.Debug|x64.Build.0 = Debug|x64
		{D13936B8-D61D-448B-BC0A-9A35C2EF9C94}.Debug|x86.ActiveCfg = Debug|Any CPU
		{D13936B8-D61D-448B-BC0A-9A35C2EF9C94}.Debug|x86.Build.0 = Debug|Any CPU
		{D13936B8-D61D-448B-BC0A-9A35C2EF9C94}.Publish|Any CPU.ActiveCfg = Release|Any CPU
		{D13936B8-D61D-448B-BC0A-9A35C2EF9C94}.Publish|Any CPU.Build.0 = Release|Any CPU
		{D13936B8-D61D-448B-BC0A-9A35C2EF9C94}.Publish|x64.ActiveCfg = Release|Any CPU
		{D13936B8-D61D-448B-BC0A-9A35C2EF9C94}.Publish|x64.Build.0 = Release|Any CPU
		{D13936B8-D61D-448B-BC0A-9A35C2EF9C94}.Publish|x86.ActiveCfg = Release|Any CPU
		{D13936B8-D61D-448B-BC0A-9A35C2EF9C94}.Publish|x86.Build.0 = Release|Any CPU
		{D13936B8-D61D-448B-BC0A-9A35C2EF9C94}.Release|Any CPU.ActiveCfg = Release|Any CPU
		{D13936B8-D61D-448B-BC0A-9A35C2EF9C94}.Release|Any CPU.Build.0 = Release|Any CPU
		{D13936B8-D61D-448B-BC0A-9A35C2EF9C94}.Release|x64.ActiveCfg = Release|x64
		{D13936B8-D61D-448B-BC0A-9A35C2EF9C94}.Release|x64.Build.0 = Release|x64
		{D13936B8-D61D-448B-BC0A-9A35C2EF9C94}.Release|x86.ActiveCfg = Release|Any CPU
		{D13936B8-D61D-448B-BC0A-9A35C2EF9C94}.Release|x86.Build.0 = Release|Any CPU
		{F4342F17-0ECB-4259-8162-F477BCA86EBC}.Debug|Any CPU.ActiveCfg = Debug|Any CPU
		{F4342F17-0ECB-4259-8162-F477BCA86EBC}.Debug|Any CPU.Build.0 = Debug|Any CPU
		{F4342F17-0ECB-4259-8162-F477BCA86EBC}.Debug|x64.ActiveCfg = Debug|x64
		{F4342F17-0ECB-4259-8162-F477BCA86EBC}.Debug|x64.Build.0 = Debug|x64
		{F4342F17-0ECB-4259-8162-F477BCA86EBC}.Debug|x86.ActiveCfg = Debug|Any CPU
		{F4342F17-0ECB-4259-8162-F477BCA86EBC}.Debug|x86.Build.0 = Debug|Any CPU
		{F4342F17-0ECB-4259-8162-F477BCA86EBC}.Publish|Any CPU.ActiveCfg = Release|Any CPU
		{F4342F17-0ECB-4259-8162-F477BCA86EBC}.Publish|Any CPU.Build.0 = Release|Any CPU
		{F4342F17-0ECB-4259-8162-F477BCA86EBC}.Publish|x64.ActiveCfg = Release|Any CPU
		{F4342F17-0ECB-4259-8162-F477BCA86EBC}.Publish|x64.Build.0 = Release|Any CPU
		{F4342F17-0ECB-4259-8162-F477BCA86EBC}.Publish|x86.ActiveCfg = Release|Any CPU
		{F4342F17-0ECB-4259-8162-F477BCA86EBC}.Publish|x86.Build.0 = Release|Any CPU
		{F4342F17-0ECB-4259-8162-F477BCA86EBC}.Release|Any CPU.ActiveCfg = Release|Any CPU
		{F4342F17-0ECB-4259-8162-F477BCA86EBC}.Release|Any CPU.Build.0 = Release|Any CPU
		{F4342F17-0ECB-4259-8162-F477BCA86EBC}.Release|x64.ActiveCfg = Release|x64
		{F4342F17-0ECB-4259-8162-F477BCA86EBC}.Release|x64.Build.0 = Release|x64
		{F4342F17-0ECB-4259-8162-F477BCA86EBC}.Release|x86.ActiveCfg = Release|Any CPU
		{F4342F17-0ECB-4259-8162-F477BCA86EBC}.Release|x86.Build.0 = Release|Any CPU
		{A337D3DE-2B94-4EE8-BD20-480E39E455F2}.Debug|Any CPU.ActiveCfg = Debug|Any CPU
		{A337D3DE-2B94-4EE8-BD20-480E39E455F2}.Debug|Any CPU.Build.0 = Debug|Any CPU
		{A337D3DE-2B94-4EE8-BD20-480E39E455F2}.Debug|x64.ActiveCfg = Debug|x64
		{A337D3DE-2B94-4EE8-BD20-480E39E455F2}.Debug|x64.Build.0 = Debug|x64
		{A337D3DE-2B94-4EE8-BD20-480E39E455F2}.Debug|x86.ActiveCfg = Debug|Any CPU
		{A337D3DE-2B94-4EE8-BD20-480E39E455F2}.Debug|x86.Build.0 = Debug|Any CPU
		{A337D3DE-2B94-4EE8-BD20-480E39E455F2}.Publish|Any CPU.ActiveCfg = Release|Any CPU
		{A337D3DE-2B94-4EE8-BD20-480E39E455F2}.Publish|Any CPU.Build.0 = Release|Any CPU
		{A337D3DE-2B94-4EE8-BD20-480E39E455F2}.Publish|x64.ActiveCfg = Release|Any CPU
		{A337D3DE-2B94-4EE8-BD20-480E39E455F2}.Publish|x64.Build.0 = Release|Any CPU
		{A337D3DE-2B94-4EE8-BD20-480E39E455F2}.Publish|x86.ActiveCfg = Release|Any CPU
		{A337D3DE-2B94-4EE8-BD20-480E39E455F2}.Publish|x86.Build.0 = Release|Any CPU
		{A337D3DE-2B94-4EE8-BD20-480E39E455F2}.Release|Any CPU.ActiveCfg = Release|Any CPU
		{A337D3DE-2B94-4EE8-BD20-480E39E455F2}.Release|Any CPU.Build.0 = Release|Any CPU
		{A337D3DE-2B94-4EE8-BD20-480E39E455F2}.Release|x64.ActiveCfg = Release|x64
		{A337D3DE-2B94-4EE8-BD20-480E39E455F2}.Release|x64.Build.0 = Release|x64
		{A337D3DE-2B94-4EE8-BD20-480E39E455F2}.Release|x86.ActiveCfg = Release|Any CPU
		{A337D3DE-2B94-4EE8-BD20-480E39E455F2}.Release|x86.Build.0 = Release|Any CPU
		{CAE27208-52BB-41CD-AC2E-182B3354B4D0}.Debug|Any CPU.ActiveCfg = Debug|Any CPU
		{CAE27208-52BB-41CD-AC2E-182B3354B4D0}.Debug|Any CPU.Build.0 = Debug|Any CPU
		{CAE27208-52BB-41CD-AC2E-182B3354B4D0}.Debug|x64.ActiveCfg = Debug|x64
		{CAE27208-52BB-41CD-AC2E-182B3354B4D0}.Debug|x64.Build.0 = Debug|x64
		{CAE27208-52BB-41CD-AC2E-182B3354B4D0}.Debug|x86.ActiveCfg = Debug|Any CPU
		{CAE27208-52BB-41CD-AC2E-182B3354B4D0}.Debug|x86.Build.0 = Debug|Any CPU
		{CAE27208-52BB-41CD-AC2E-182B3354B4D0}.Publish|Any CPU.ActiveCfg = Release|Any CPU
		{CAE27208-52BB-41CD-AC2E-182B3354B4D0}.Publish|Any CPU.Build.0 = Release|Any CPU
		{CAE27208-52BB-41CD-AC2E-182B3354B4D0}.Publish|x64.ActiveCfg = Release|Any CPU
		{CAE27208-52BB-41CD-AC2E-182B3354B4D0}.Publish|x64.Build.0 = Release|Any CPU
		{CAE27208-52BB-41CD-AC2E-182B3354B4D0}.Publish|x86.ActiveCfg = Release|Any CPU
		{CAE27208-52BB-41CD-AC2E-182B3354B4D0}.Publish|x86.Build.0 = Release|Any CPU
		{CAE27208-52BB-41CD-AC2E-182B3354B4D0}.Release|Any CPU.ActiveCfg = Release|Any CPU
		{CAE27208-52BB-41CD-AC2E-182B3354B4D0}.Release|Any CPU.Build.0 = Release|Any CPU
		{CAE27208-52BB-41CD-AC2E-182B3354B4D0}.Release|x64.ActiveCfg = Release|x64
		{CAE27208-52BB-41CD-AC2E-182B3354B4D0}.Release|x64.Build.0 = Release|x64
		{CAE27208-52BB-41CD-AC2E-182B3354B4D0}.Release|x86.ActiveCfg = Release|Any CPU
		{CAE27208-52BB-41CD-AC2E-182B3354B4D0}.Release|x86.Build.0 = Release|Any CPU
		{60D7872D-81F7-461A-AD20-36BB7364647D}.Debug|Any CPU.ActiveCfg = Debug|Any CPU
		{60D7872D-81F7-461A-AD20-36BB7364647D}.Debug|Any CPU.Build.0 = Debug|Any CPU
		{60D7872D-81F7-461A-AD20-36BB7364647D}.Debug|x64.ActiveCfg = Debug|x64
		{60D7872D-81F7-461A-AD20-36BB7364647D}.Debug|x64.Build.0 = Debug|x64
		{60D7872D-81F7-461A-AD20-36BB7364647D}.Debug|x86.ActiveCfg = Debug|Any CPU
		{60D7872D-81F7-461A-AD20-36BB7364647D}.Debug|x86.Build.0 = Debug|Any CPU
		{60D7872D-81F7-461A-AD20-36BB7364647D}.Publish|Any CPU.ActiveCfg = Release|Any CPU
		{60D7872D-81F7-461A-AD20-36BB7364647D}.Publish|Any CPU.Build.0 = Release|Any CPU
		{60D7872D-81F7-461A-AD20-36BB7364647D}.Publish|x64.ActiveCfg = Release|Any CPU
		{60D7872D-81F7-461A-AD20-36BB7364647D}.Publish|x64.Build.0 = Release|Any CPU
		{60D7872D-81F7-461A-AD20-36BB7364647D}.Publish|x86.ActiveCfg = Release|Any CPU
		{60D7872D-81F7-461A-AD20-36BB7364647D}.Publish|x86.Build.0 = Release|Any CPU
		{60D7872D-81F7-461A-AD20-36BB7364647D}.Release|Any CPU.ActiveCfg = Release|Any CPU
		{60D7872D-81F7-461A-AD20-36BB7364647D}.Release|Any CPU.Build.0 = Release|Any CPU
		{60D7872D-81F7-461A-AD20-36BB7364647D}.Release|x64.ActiveCfg = Release|x64
		{60D7872D-81F7-461A-AD20-36BB7364647D}.Release|x64.Build.0 = Release|x64
		{60D7872D-81F7-461A-AD20-36BB7364647D}.Release|x86.ActiveCfg = Release|Any CPU
		{60D7872D-81F7-461A-AD20-36BB7364647D}.Release|x86.Build.0 = Release|Any CPU
		{CED09F1F-7936-46DC-8B25-A7517DA4E68F}.Debug|Any CPU.ActiveCfg = Debug|Any CPU
		{CED09F1F-7936-46DC-8B25-A7517DA4E68F}.Debug|Any CPU.Build.0 = Debug|Any CPU
		{CED09F1F-7936-46DC-8B25-A7517DA4E68F}.Debug|x64.ActiveCfg = Debug|x64
		{CED09F1F-7936-46DC-8B25-A7517DA4E68F}.Debug|x64.Build.0 = Debug|x64
		{CED09F1F-7936-46DC-8B25-A7517DA4E68F}.Debug|x86.ActiveCfg = Debug|x86
		{CED09F1F-7936-46DC-8B25-A7517DA4E68F}.Debug|x86.Build.0 = Debug|x86
		{CED09F1F-7936-46DC-8B25-A7517DA4E68F}.Publish|Any CPU.ActiveCfg = Release|Any CPU
		{CED09F1F-7936-46DC-8B25-A7517DA4E68F}.Publish|Any CPU.Build.0 = Release|Any CPU
		{CED09F1F-7936-46DC-8B25-A7517DA4E68F}.Publish|x64.ActiveCfg = Release|x64
		{CED09F1F-7936-46DC-8B25-A7517DA4E68F}.Publish|x64.Build.0 = Release|x64
		{CED09F1F-7936-46DC-8B25-A7517DA4E68F}.Publish|x86.ActiveCfg = Release|x86
		{CED09F1F-7936-46DC-8B25-A7517DA4E68F}.Publish|x86.Build.0 = Release|x86
		{CED09F1F-7936-46DC-8B25-A7517DA4E68F}.Release|Any CPU.ActiveCfg = Release|Any CPU
		{CED09F1F-7936-46DC-8B25-A7517DA4E68F}.Release|Any CPU.Build.0 = Release|Any CPU
		{CED09F1F-7936-46DC-8B25-A7517DA4E68F}.Release|x64.ActiveCfg = Release|x64
		{CED09F1F-7936-46DC-8B25-A7517DA4E68F}.Release|x64.Build.0 = Release|x64
		{CED09F1F-7936-46DC-8B25-A7517DA4E68F}.Release|x86.ActiveCfg = Release|x86
		{CED09F1F-7936-46DC-8B25-A7517DA4E68F}.Release|x86.Build.0 = Release|x86
		{4A0005F2-DCCA-41B4-B143-0A74319C7579}.Debug|Any CPU.ActiveCfg = Debug|Any CPU
		{4A0005F2-DCCA-41B4-B143-0A74319C7579}.Debug|Any CPU.Build.0 = Debug|Any CPU
		{4A0005F2-DCCA-41B4-B143-0A74319C7579}.Debug|x64.ActiveCfg = Debug|x64
		{4A0005F2-DCCA-41B4-B143-0A74319C7579}.Debug|x64.Build.0 = Debug|x64
		{4A0005F2-DCCA-41B4-B143-0A74319C7579}.Debug|x86.ActiveCfg = Debug|Any CPU
		{4A0005F2-DCCA-41B4-B143-0A74319C7579}.Debug|x86.Build.0 = Debug|Any CPU
		{4A0005F2-DCCA-41B4-B143-0A74319C7579}.Publish|Any CPU.ActiveCfg = Release|Any CPU
		{4A0005F2-DCCA-41B4-B143-0A74319C7579}.Publish|Any CPU.Build.0 = Release|Any CPU
		{4A0005F2-DCCA-41B4-B143-0A74319C7579}.Publish|x64.ActiveCfg = Release|Any CPU
		{4A0005F2-DCCA-41B4-B143-0A74319C7579}.Publish|x64.Build.0 = Release|Any CPU
		{4A0005F2-DCCA-41B4-B143-0A74319C7579}.Publish|x86.ActiveCfg = Release|Any CPU
		{4A0005F2-DCCA-41B4-B143-0A74319C7579}.Publish|x86.Build.0 = Release|Any CPU
		{4A0005F2-DCCA-41B4-B143-0A74319C7579}.Release|Any CPU.ActiveCfg = Release|Any CPU
		{4A0005F2-DCCA-41B4-B143-0A74319C7579}.Release|Any CPU.Build.0 = Release|Any CPU
		{4A0005F2-DCCA-41B4-B143-0A74319C7579}.Release|x64.ActiveCfg = Release|x64
		{4A0005F2-DCCA-41B4-B143-0A74319C7579}.Release|x64.Build.0 = Release|x64
		{4A0005F2-DCCA-41B4-B143-0A74319C7579}.Release|x86.ActiveCfg = Release|Any CPU
		{4A0005F2-DCCA-41B4-B143-0A74319C7579}.Release|x86.Build.0 = Release|Any CPU
		{F0EA2FF6-6F89-43D5-8CA2-995CCC1E36FF}.Debug|Any CPU.ActiveCfg = Debug|Any CPU
		{F0EA2FF6-6F89-43D5-8CA2-995CCC1E36FF}.Debug|Any CPU.Build.0 = Debug|Any CPU
		{F0EA2FF6-6F89-43D5-8CA2-995CCC1E36FF}.Debug|x64.ActiveCfg = Debug|x64
		{F0EA2FF6-6F89-43D5-8CA2-995CCC1E36FF}.Debug|x64.Build.0 = Debug|x64
		{F0EA2FF6-6F89-43D5-8CA2-995CCC1E36FF}.Debug|x86.ActiveCfg = Debug|Any CPU
		{F0EA2FF6-6F89-43D5-8CA2-995CCC1E36FF}.Debug|x86.Build.0 = Debug|Any CPU
		{F0EA2FF6-6F89-43D5-8CA2-995CCC1E36FF}.Publish|Any CPU.ActiveCfg = Release|Any CPU
		{F0EA2FF6-6F89-43D5-8CA2-995CCC1E36FF}.Publish|Any CPU.Build.0 = Release|Any CPU
		{F0EA2FF6-6F89-43D5-8CA2-995CCC1E36FF}.Publish|x64.ActiveCfg = Release|Any CPU
		{F0EA2FF6-6F89-43D5-8CA2-995CCC1E36FF}.Publish|x64.Build.0 = Release|Any CPU
		{F0EA2FF6-6F89-43D5-8CA2-995CCC1E36FF}.Publish|x86.ActiveCfg = Release|Any CPU
		{F0EA2FF6-6F89-43D5-8CA2-995CCC1E36FF}.Publish|x86.Build.0 = Release|Any CPU
		{F0EA2FF6-6F89-43D5-8CA2-995CCC1E36FF}.Release|Any CPU.ActiveCfg = Release|Any CPU
		{F0EA2FF6-6F89-43D5-8CA2-995CCC1E36FF}.Release|Any CPU.Build.0 = Release|Any CPU
		{F0EA2FF6-6F89-43D5-8CA2-995CCC1E36FF}.Release|x64.ActiveCfg = Release|x64
		{F0EA2FF6-6F89-43D5-8CA2-995CCC1E36FF}.Release|x64.Build.0 = Release|x64
		{F0EA2FF6-6F89-43D5-8CA2-995CCC1E36FF}.Release|x86.ActiveCfg = Release|Any CPU
		{F0EA2FF6-6F89-43D5-8CA2-995CCC1E36FF}.Release|x86.Build.0 = Release|Any CPU
		{5D524A76-15D3-4E31-AE5E-293696F239ED}.Debug|Any CPU.ActiveCfg = Debug|Any CPU
		{5D524A76-15D3-4E31-AE5E-293696F239ED}.Debug|Any CPU.Build.0 = Debug|Any CPU
		{5D524A76-15D3-4E31-AE5E-293696F239ED}.Debug|x64.ActiveCfg = Debug|x64
		{5D524A76-15D3-4E31-AE5E-293696F239ED}.Debug|x64.Build.0 = Debug|x64
		{5D524A76-15D3-4E31-AE5E-293696F239ED}.Debug|x86.ActiveCfg = Debug|Any CPU
		{5D524A76-15D3-4E31-AE5E-293696F239ED}.Debug|x86.Build.0 = Debug|Any CPU
		{5D524A76-15D3-4E31-AE5E-293696F239ED}.Publish|Any CPU.ActiveCfg = Release|Any CPU
		{5D524A76-15D3-4E31-AE5E-293696F239ED}.Publish|Any CPU.Build.0 = Release|Any CPU
		{5D524A76-15D3-4E31-AE5E-293696F239ED}.Publish|x64.ActiveCfg = Release|Any CPU
		{5D524A76-15D3-4E31-AE5E-293696F239ED}.Publish|x64.Build.0 = Release|Any CPU
		{5D524A76-15D3-4E31-AE5E-293696F239ED}.Publish|x86.ActiveCfg = Release|Any CPU
		{5D524A76-15D3-4E31-AE5E-293696F239ED}.Publish|x86.Build.0 = Release|Any CPU
		{5D524A76-15D3-4E31-AE5E-293696F239ED}.Release|Any CPU.ActiveCfg = Release|Any CPU
		{5D524A76-15D3-4E31-AE5E-293696F239ED}.Release|Any CPU.Build.0 = Release|Any CPU
		{5D524A76-15D3-4E31-AE5E-293696F239ED}.Release|x64.ActiveCfg = Release|x64
		{5D524A76-15D3-4E31-AE5E-293696F239ED}.Release|x64.Build.0 = Release|x64
		{5D524A76-15D3-4E31-AE5E-293696F239ED}.Release|x86.ActiveCfg = Release|Any CPU
		{5D524A76-15D3-4E31-AE5E-293696F239ED}.Release|x86.Build.0 = Release|Any CPU
		{805253AB-0DF6-486D-8AB2-53DBF3D7CFBF}.Debug|Any CPU.ActiveCfg = Debug|Any CPU
		{805253AB-0DF6-486D-8AB2-53DBF3D7CFBF}.Debug|Any CPU.Build.0 = Debug|Any CPU
		{805253AB-0DF6-486D-8AB2-53DBF3D7CFBF}.Debug|x64.ActiveCfg = Debug|x64
		{805253AB-0DF6-486D-8AB2-53DBF3D7CFBF}.Debug|x64.Build.0 = Debug|x64
		{805253AB-0DF6-486D-8AB2-53DBF3D7CFBF}.Debug|x86.ActiveCfg = Debug|Any CPU
		{805253AB-0DF6-486D-8AB2-53DBF3D7CFBF}.Debug|x86.Build.0 = Debug|Any CPU
		{805253AB-0DF6-486D-8AB2-53DBF3D7CFBF}.Publish|Any CPU.ActiveCfg = Release|Any CPU
		{805253AB-0DF6-486D-8AB2-53DBF3D7CFBF}.Publish|Any CPU.Build.0 = Release|Any CPU
		{805253AB-0DF6-486D-8AB2-53DBF3D7CFBF}.Publish|x64.ActiveCfg = Release|Any CPU
		{805253AB-0DF6-486D-8AB2-53DBF3D7CFBF}.Publish|x64.Build.0 = Release|Any CPU
		{805253AB-0DF6-486D-8AB2-53DBF3D7CFBF}.Publish|x86.ActiveCfg = Release|Any CPU
		{805253AB-0DF6-486D-8AB2-53DBF3D7CFBF}.Publish|x86.Build.0 = Release|Any CPU
		{805253AB-0DF6-486D-8AB2-53DBF3D7CFBF}.Release|Any CPU.ActiveCfg = Release|Any CPU
		{805253AB-0DF6-486D-8AB2-53DBF3D7CFBF}.Release|Any CPU.Build.0 = Release|Any CPU
		{805253AB-0DF6-486D-8AB2-53DBF3D7CFBF}.Release|x64.ActiveCfg = Release|x64
		{805253AB-0DF6-486D-8AB2-53DBF3D7CFBF}.Release|x64.Build.0 = Release|x64
		{805253AB-0DF6-486D-8AB2-53DBF3D7CFBF}.Release|x86.ActiveCfg = Release|Any CPU
		{805253AB-0DF6-486D-8AB2-53DBF3D7CFBF}.Release|x86.Build.0 = Release|Any CPU
		{E237711B-0143-4571-A06B-6C9A93202177}.Debug|Any CPU.ActiveCfg = Debug|Any CPU
		{E237711B-0143-4571-A06B-6C9A93202177}.Debug|Any CPU.Build.0 = Debug|Any CPU
		{E237711B-0143-4571-A06B-6C9A93202177}.Debug|x64.ActiveCfg = Debug|x64
		{E237711B-0143-4571-A06B-6C9A93202177}.Debug|x64.Build.0 = Debug|x64
		{E237711B-0143-4571-A06B-6C9A93202177}.Debug|x86.ActiveCfg = Debug|Any CPU
		{E237711B-0143-4571-A06B-6C9A93202177}.Debug|x86.Build.0 = Debug|Any CPU
		{E237711B-0143-4571-A06B-6C9A93202177}.Publish|Any CPU.ActiveCfg = Release|Any CPU
		{E237711B-0143-4571-A06B-6C9A93202177}.Publish|Any CPU.Build.0 = Release|Any CPU
		{E237711B-0143-4571-A06B-6C9A93202177}.Publish|x64.ActiveCfg = Release|Any CPU
		{E237711B-0143-4571-A06B-6C9A93202177}.Publish|x64.Build.0 = Release|Any CPU
		{E237711B-0143-4571-A06B-6C9A93202177}.Publish|x86.ActiveCfg = Release|Any CPU
		{E237711B-0143-4571-A06B-6C9A93202177}.Publish|x86.Build.0 = Release|Any CPU
		{E237711B-0143-4571-A06B-6C9A93202177}.Release|Any CPU.ActiveCfg = Release|Any CPU
		{E237711B-0143-4571-A06B-6C9A93202177}.Release|Any CPU.Build.0 = Release|Any CPU
		{E237711B-0143-4571-A06B-6C9A93202177}.Release|x64.ActiveCfg = Release|x64
		{E237711B-0143-4571-A06B-6C9A93202177}.Release|x64.Build.0 = Release|x64
		{E237711B-0143-4571-A06B-6C9A93202177}.Release|x86.ActiveCfg = Release|Any CPU
		{E237711B-0143-4571-A06B-6C9A93202177}.Release|x86.Build.0 = Release|Any CPU
		{58CACA23-0539-4EB8-A561-EC9CB7AB6512}.Debug|Any CPU.ActiveCfg = Debug|Any CPU
		{58CACA23-0539-4EB8-A561-EC9CB7AB6512}.Debug|Any CPU.Build.0 = Debug|Any CPU
		{58CACA23-0539-4EB8-A561-EC9CB7AB6512}.Debug|x64.ActiveCfg = Debug|x64
		{58CACA23-0539-4EB8-A561-EC9CB7AB6512}.Debug|x64.Build.0 = Debug|x64
		{58CACA23-0539-4EB8-A561-EC9CB7AB6512}.Debug|x86.ActiveCfg = Debug|Any CPU
		{58CACA23-0539-4EB8-A561-EC9CB7AB6512}.Debug|x86.Build.0 = Debug|Any CPU
		{58CACA23-0539-4EB8-A561-EC9CB7AB6512}.Publish|Any CPU.ActiveCfg = Debug|Any CPU
		{58CACA23-0539-4EB8-A561-EC9CB7AB6512}.Publish|Any CPU.Build.0 = Debug|Any CPU
		{58CACA23-0539-4EB8-A561-EC9CB7AB6512}.Publish|x64.ActiveCfg = Debug|Any CPU
		{58CACA23-0539-4EB8-A561-EC9CB7AB6512}.Publish|x64.Build.0 = Debug|Any CPU
		{58CACA23-0539-4EB8-A561-EC9CB7AB6512}.Publish|x86.ActiveCfg = Debug|Any CPU
		{58CACA23-0539-4EB8-A561-EC9CB7AB6512}.Publish|x86.Build.0 = Debug|Any CPU
		{58CACA23-0539-4EB8-A561-EC9CB7AB6512}.Release|Any CPU.ActiveCfg = Release|Any CPU
		{58CACA23-0539-4EB8-A561-EC9CB7AB6512}.Release|Any CPU.Build.0 = Release|Any CPU
		{58CACA23-0539-4EB8-A561-EC9CB7AB6512}.Release|x64.ActiveCfg = Release|x64
		{58CACA23-0539-4EB8-A561-EC9CB7AB6512}.Release|x64.Build.0 = Release|x64
		{58CACA23-0539-4EB8-A561-EC9CB7AB6512}.Release|x86.ActiveCfg = Release|Any CPU
		{58CACA23-0539-4EB8-A561-EC9CB7AB6512}.Release|x86.Build.0 = Release|Any CPU
		{C001CE78-9A0F-4CF0-BD56-CCA47AA74180}.Debug|Any CPU.ActiveCfg = Debug|Any CPU
		{C001CE78-9A0F-4CF0-BD56-CCA47AA74180}.Debug|Any CPU.Build.0 = Debug|Any CPU
		{C001CE78-9A0F-4CF0-BD56-CCA47AA74180}.Debug|x64.ActiveCfg = Debug|x64
		{C001CE78-9A0F-4CF0-BD56-CCA47AA74180}.Debug|x64.Build.0 = Debug|x64
		{C001CE78-9A0F-4CF0-BD56-CCA47AA74180}.Debug|x86.ActiveCfg = Debug|Any CPU
		{C001CE78-9A0F-4CF0-BD56-CCA47AA74180}.Debug|x86.Build.0 = Debug|Any CPU
		{C001CE78-9A0F-4CF0-BD56-CCA47AA74180}.Publish|Any CPU.ActiveCfg = Release|Any CPU
		{C001CE78-9A0F-4CF0-BD56-CCA47AA74180}.Publish|Any CPU.Build.0 = Release|Any CPU
		{C001CE78-9A0F-4CF0-BD56-CCA47AA74180}.Publish|x64.ActiveCfg = Release|Any CPU
		{C001CE78-9A0F-4CF0-BD56-CCA47AA74180}.Publish|x64.Build.0 = Release|Any CPU
		{C001CE78-9A0F-4CF0-BD56-CCA47AA74180}.Publish|x86.ActiveCfg = Release|Any CPU
		{C001CE78-9A0F-4CF0-BD56-CCA47AA74180}.Publish|x86.Build.0 = Release|Any CPU
		{C001CE78-9A0F-4CF0-BD56-CCA47AA74180}.Release|Any CPU.ActiveCfg = Release|Any CPU
		{C001CE78-9A0F-4CF0-BD56-CCA47AA74180}.Release|Any CPU.Build.0 = Release|Any CPU
		{C001CE78-9A0F-4CF0-BD56-CCA47AA74180}.Release|x64.ActiveCfg = Release|x64
		{C001CE78-9A0F-4CF0-BD56-CCA47AA74180}.Release|x64.Build.0 = Release|x64
		{C001CE78-9A0F-4CF0-BD56-CCA47AA74180}.Release|x86.ActiveCfg = Release|Any CPU
		{C001CE78-9A0F-4CF0-BD56-CCA47AA74180}.Release|x86.Build.0 = Release|Any CPU
		{EEBFEF66-7250-437A-A04E-085C44925401}.Debug|Any CPU.ActiveCfg = Debug|Any CPU
		{EEBFEF66-7250-437A-A04E-085C44925401}.Debug|Any CPU.Build.0 = Debug|Any CPU
		{EEBFEF66-7250-437A-A04E-085C44925401}.Debug|x64.ActiveCfg = Debug|x64
		{EEBFEF66-7250-437A-A04E-085C44925401}.Debug|x64.Build.0 = Debug|x64
		{EEBFEF66-7250-437A-A04E-085C44925401}.Debug|x86.ActiveCfg = Debug|Any CPU
		{EEBFEF66-7250-437A-A04E-085C44925401}.Debug|x86.Build.0 = Debug|Any CPU
		{EEBFEF66-7250-437A-A04E-085C44925401}.Publish|Any CPU.ActiveCfg = Release|Any CPU
		{EEBFEF66-7250-437A-A04E-085C44925401}.Publish|Any CPU.Build.0 = Release|Any CPU
		{EEBFEF66-7250-437A-A04E-085C44925401}.Publish|x64.ActiveCfg = Release|Any CPU
		{EEBFEF66-7250-437A-A04E-085C44925401}.Publish|x64.Build.0 = Release|Any CPU
		{EEBFEF66-7250-437A-A04E-085C44925401}.Publish|x86.ActiveCfg = Release|Any CPU
		{EEBFEF66-7250-437A-A04E-085C44925401}.Publish|x86.Build.0 = Release|Any CPU
		{EEBFEF66-7250-437A-A04E-085C44925401}.Release|Any CPU.ActiveCfg = Release|Any CPU
		{EEBFEF66-7250-437A-A04E-085C44925401}.Release|Any CPU.Build.0 = Release|Any CPU
		{EEBFEF66-7250-437A-A04E-085C44925401}.Release|x64.ActiveCfg = Release|x64
		{EEBFEF66-7250-437A-A04E-085C44925401}.Release|x64.Build.0 = Release|x64
		{EEBFEF66-7250-437A-A04E-085C44925401}.Release|x86.ActiveCfg = Release|Any CPU
		{EEBFEF66-7250-437A-A04E-085C44925401}.Release|x86.Build.0 = Release|Any CPU
		{CB88004D-42D5-4486-9E57-AF1B69A30C8A}.Debug|Any CPU.ActiveCfg = Debug|Any CPU
		{CB88004D-42D5-4486-9E57-AF1B69A30C8A}.Debug|Any CPU.Build.0 = Debug|Any CPU
		{CB88004D-42D5-4486-9E57-AF1B69A30C8A}.Debug|x64.ActiveCfg = Debug|x64
		{CB88004D-42D5-4486-9E57-AF1B69A30C8A}.Debug|x64.Build.0 = Debug|x64
		{CB88004D-42D5-4486-9E57-AF1B69A30C8A}.Debug|x86.ActiveCfg = Debug|Any CPU
		{CB88004D-42D5-4486-9E57-AF1B69A30C8A}.Debug|x86.Build.0 = Debug|Any CPU
		{CB88004D-42D5-4486-9E57-AF1B69A30C8A}.Publish|Any CPU.ActiveCfg = Debug|Any CPU
		{CB88004D-42D5-4486-9E57-AF1B69A30C8A}.Publish|Any CPU.Build.0 = Debug|Any CPU
		{CB88004D-42D5-4486-9E57-AF1B69A30C8A}.Publish|x64.ActiveCfg = Debug|Any CPU
		{CB88004D-42D5-4486-9E57-AF1B69A30C8A}.Publish|x64.Build.0 = Debug|Any CPU
		{CB88004D-42D5-4486-9E57-AF1B69A30C8A}.Publish|x86.ActiveCfg = Debug|Any CPU
		{CB88004D-42D5-4486-9E57-AF1B69A30C8A}.Publish|x86.Build.0 = Debug|Any CPU
		{CB88004D-42D5-4486-9E57-AF1B69A30C8A}.Release|Any CPU.ActiveCfg = Release|Any CPU
		{CB88004D-42D5-4486-9E57-AF1B69A30C8A}.Release|Any CPU.Build.0 = Release|Any CPU
		{CB88004D-42D5-4486-9E57-AF1B69A30C8A}.Release|x64.ActiveCfg = Release|x64
		{CB88004D-42D5-4486-9E57-AF1B69A30C8A}.Release|x64.Build.0 = Release|x64
		{CB88004D-42D5-4486-9E57-AF1B69A30C8A}.Release|x86.ActiveCfg = Release|Any CPU
		{CB88004D-42D5-4486-9E57-AF1B69A30C8A}.Release|x86.Build.0 = Release|Any CPU
		{B05D31C4-698A-422D-B284-0C7F6D435403}.Debug|Any CPU.ActiveCfg = Debug|Any CPU
		{B05D31C4-698A-422D-B284-0C7F6D435403}.Debug|Any CPU.Build.0 = Debug|Any CPU
		{B05D31C4-698A-422D-B284-0C7F6D435403}.Debug|x64.ActiveCfg = Debug|x64
		{B05D31C4-698A-422D-B284-0C7F6D435403}.Debug|x64.Build.0 = Debug|x64
		{B05D31C4-698A-422D-B284-0C7F6D435403}.Debug|x86.ActiveCfg = Debug|Any CPU
		{B05D31C4-698A-422D-B284-0C7F6D435403}.Debug|x86.Build.0 = Debug|Any CPU
		{B05D31C4-698A-422D-B284-0C7F6D435403}.Publish|Any CPU.ActiveCfg = Debug|Any CPU
		{B05D31C4-698A-422D-B284-0C7F6D435403}.Publish|Any CPU.Build.0 = Debug|Any CPU
		{B05D31C4-698A-422D-B284-0C7F6D435403}.Publish|x64.ActiveCfg = Debug|Any CPU
		{B05D31C4-698A-422D-B284-0C7F6D435403}.Publish|x64.Build.0 = Debug|Any CPU
		{B05D31C4-698A-422D-B284-0C7F6D435403}.Publish|x86.ActiveCfg = Debug|Any CPU
		{B05D31C4-698A-422D-B284-0C7F6D435403}.Publish|x86.Build.0 = Debug|Any CPU
		{B05D31C4-698A-422D-B284-0C7F6D435403}.Release|Any CPU.ActiveCfg = Release|Any CPU
		{B05D31C4-698A-422D-B284-0C7F6D435403}.Release|Any CPU.Build.0 = Release|Any CPU
		{B05D31C4-698A-422D-B284-0C7F6D435403}.Release|x64.ActiveCfg = Release|x64
		{B05D31C4-698A-422D-B284-0C7F6D435403}.Release|x64.Build.0 = Release|x64
		{B05D31C4-698A-422D-B284-0C7F6D435403}.Release|x86.ActiveCfg = Release|Any CPU
		{B05D31C4-698A-422D-B284-0C7F6D435403}.Release|x86.Build.0 = Release|Any CPU
		{2ECD59D7-276C-4668-BF33-F55D3BE15A01}.Debug|Any CPU.ActiveCfg = Debug|Any CPU
		{2ECD59D7-276C-4668-BF33-F55D3BE15A01}.Debug|Any CPU.Build.0 = Debug|Any CPU
		{2ECD59D7-276C-4668-BF33-F55D3BE15A01}.Debug|x64.ActiveCfg = Debug|x64
		{2ECD59D7-276C-4668-BF33-F55D3BE15A01}.Debug|x64.Build.0 = Debug|x64
		{2ECD59D7-276C-4668-BF33-F55D3BE15A01}.Debug|x86.ActiveCfg = Debug|Any CPU
		{2ECD59D7-276C-4668-BF33-F55D3BE15A01}.Debug|x86.Build.0 = Debug|Any CPU
		{2ECD59D7-276C-4668-BF33-F55D3BE15A01}.Publish|Any CPU.ActiveCfg = Debug|Any CPU
		{2ECD59D7-276C-4668-BF33-F55D3BE15A01}.Publish|Any CPU.Build.0 = Debug|Any CPU
		{2ECD59D7-276C-4668-BF33-F55D3BE15A01}.Publish|x64.ActiveCfg = Debug|Any CPU
		{2ECD59D7-276C-4668-BF33-F55D3BE15A01}.Publish|x64.Build.0 = Debug|Any CPU
		{2ECD59D7-276C-4668-BF33-F55D3BE15A01}.Publish|x86.ActiveCfg = Debug|Any CPU
		{2ECD59D7-276C-4668-BF33-F55D3BE15A01}.Publish|x86.Build.0 = Debug|Any CPU
		{2ECD59D7-276C-4668-BF33-F55D3BE15A01}.Release|Any CPU.ActiveCfg = Release|Any CPU
		{2ECD59D7-276C-4668-BF33-F55D3BE15A01}.Release|Any CPU.Build.0 = Release|Any CPU
		{2ECD59D7-276C-4668-BF33-F55D3BE15A01}.Release|x64.ActiveCfg = Release|x64
		{2ECD59D7-276C-4668-BF33-F55D3BE15A01}.Release|x64.Build.0 = Release|x64
		{2ECD59D7-276C-4668-BF33-F55D3BE15A01}.Release|x86.ActiveCfg = Release|Any CPU
		{2ECD59D7-276C-4668-BF33-F55D3BE15A01}.Release|x86.Build.0 = Release|Any CPU
		{DDC5BDE9-37B8-4443-A394-2EAA68866C96}.Debug|Any CPU.ActiveCfg = Debug|Any CPU
		{DDC5BDE9-37B8-4443-A394-2EAA68866C96}.Debug|Any CPU.Build.0 = Debug|Any CPU
		{DDC5BDE9-37B8-4443-A394-2EAA68866C96}.Debug|x64.ActiveCfg = Debug|Any CPU
		{DDC5BDE9-37B8-4443-A394-2EAA68866C96}.Debug|x64.Build.0 = Debug|Any CPU
		{DDC5BDE9-37B8-4443-A394-2EAA68866C96}.Debug|x86.ActiveCfg = Debug|Any CPU
		{DDC5BDE9-37B8-4443-A394-2EAA68866C96}.Debug|x86.Build.0 = Debug|Any CPU
		{DDC5BDE9-37B8-4443-A394-2EAA68866C96}.Publish|Any CPU.ActiveCfg = Debug|Any CPU
		{DDC5BDE9-37B8-4443-A394-2EAA68866C96}.Publish|Any CPU.Build.0 = Debug|Any CPU
		{DDC5BDE9-37B8-4443-A394-2EAA68866C96}.Publish|x64.ActiveCfg = Debug|Any CPU
		{DDC5BDE9-37B8-4443-A394-2EAA68866C96}.Publish|x64.Build.0 = Debug|Any CPU
		{DDC5BDE9-37B8-4443-A394-2EAA68866C96}.Publish|x86.ActiveCfg = Debug|Any CPU
		{DDC5BDE9-37B8-4443-A394-2EAA68866C96}.Publish|x86.Build.0 = Debug|Any CPU
		{DDC5BDE9-37B8-4443-A394-2EAA68866C96}.Release|Any CPU.ActiveCfg = Release|Any CPU
		{DDC5BDE9-37B8-4443-A394-2EAA68866C96}.Release|Any CPU.Build.0 = Release|Any CPU
		{DDC5BDE9-37B8-4443-A394-2EAA68866C96}.Release|x64.ActiveCfg = Release|Any CPU
		{DDC5BDE9-37B8-4443-A394-2EAA68866C96}.Release|x64.Build.0 = Release|Any CPU
		{DDC5BDE9-37B8-4443-A394-2EAA68866C96}.Release|x86.ActiveCfg = Release|Any CPU
		{DDC5BDE9-37B8-4443-A394-2EAA68866C96}.Release|x86.Build.0 = Release|Any CPU
		{470606C0-DE18-434F-B254-9EE61F510C3B}.Debug|Any CPU.ActiveCfg = Debug|Any CPU
		{470606C0-DE18-434F-B254-9EE61F510C3B}.Debug|Any CPU.Build.0 = Debug|Any CPU
		{470606C0-DE18-434F-B254-9EE61F510C3B}.Debug|x64.ActiveCfg = Debug|Any CPU
		{470606C0-DE18-434F-B254-9EE61F510C3B}.Debug|x64.Build.0 = Debug|Any CPU
		{470606C0-DE18-434F-B254-9EE61F510C3B}.Debug|x86.ActiveCfg = Debug|Any CPU
		{470606C0-DE18-434F-B254-9EE61F510C3B}.Debug|x86.Build.0 = Debug|Any CPU
		{470606C0-DE18-434F-B254-9EE61F510C3B}.Publish|Any CPU.ActiveCfg = Debug|Any CPU
		{470606C0-DE18-434F-B254-9EE61F510C3B}.Publish|Any CPU.Build.0 = Debug|Any CPU
		{470606C0-DE18-434F-B254-9EE61F510C3B}.Publish|x64.ActiveCfg = Debug|Any CPU
		{470606C0-DE18-434F-B254-9EE61F510C3B}.Publish|x64.Build.0 = Debug|Any CPU
		{470606C0-DE18-434F-B254-9EE61F510C3B}.Publish|x86.ActiveCfg = Debug|Any CPU
		{470606C0-DE18-434F-B254-9EE61F510C3B}.Publish|x86.Build.0 = Debug|Any CPU
		{470606C0-DE18-434F-B254-9EE61F510C3B}.Release|Any CPU.ActiveCfg = Release|Any CPU
		{470606C0-DE18-434F-B254-9EE61F510C3B}.Release|Any CPU.Build.0 = Release|Any CPU
		{470606C0-DE18-434F-B254-9EE61F510C3B}.Release|x64.ActiveCfg = Release|Any CPU
		{470606C0-DE18-434F-B254-9EE61F510C3B}.Release|x64.Build.0 = Release|Any CPU
		{470606C0-DE18-434F-B254-9EE61F510C3B}.Release|x86.ActiveCfg = Release|Any CPU
		{470606C0-DE18-434F-B254-9EE61F510C3B}.Release|x86.Build.0 = Release|Any CPU
	EndGlobalSection
	GlobalSection(SolutionProperties) = preSolution
		HideSolutionNode = FALSE
	EndGlobalSection
	GlobalSection(NestedProjects) = preSolution
		{D13936B8-D61D-448B-BC0A-9A35C2EF9C94} = {5850AAE8-5817-404F-BE17-1D923A6E0FFF}
		{F4342F17-0ECB-4259-8162-F477BCA86EBC} = {5850AAE8-5817-404F-BE17-1D923A6E0FFF}
		{A337D3DE-2B94-4EE8-BD20-480E39E455F2} = {5850AAE8-5817-404F-BE17-1D923A6E0FFF}
		{CAE27208-52BB-41CD-AC2E-182B3354B4D0} = {5850AAE8-5817-404F-BE17-1D923A6E0FFF}
		{60D7872D-81F7-461A-AD20-36BB7364647D} = {5850AAE8-5817-404F-BE17-1D923A6E0FFF}
		{CED09F1F-7936-46DC-8B25-A7517DA4E68F} = {5850AAE8-5817-404F-BE17-1D923A6E0FFF}
		{4A0005F2-DCCA-41B4-B143-0A74319C7579} = {5850AAE8-5817-404F-BE17-1D923A6E0FFF}
		{F0EA2FF6-6F89-43D5-8CA2-995CCC1E36FF} = {5850AAE8-5817-404F-BE17-1D923A6E0FFF}
		{5D524A76-15D3-4E31-AE5E-293696F239ED} = {5850AAE8-5817-404F-BE17-1D923A6E0FFF}
		{805253AB-0DF6-486D-8AB2-53DBF3D7CFBF} = {5850AAE8-5817-404F-BE17-1D923A6E0FFF}
		{E237711B-0143-4571-A06B-6C9A93202177} = {5850AAE8-5817-404F-BE17-1D923A6E0FFF}
		{58CACA23-0539-4EB8-A561-EC9CB7AB6512} = {5850AAE8-5817-404F-BE17-1D923A6E0FFF}
		{C001CE78-9A0F-4CF0-BD56-CCA47AA74180} = {5850AAE8-5817-404F-BE17-1D923A6E0FFF}
		{EEBFEF66-7250-437A-A04E-085C44925401} = {5850AAE8-5817-404F-BE17-1D923A6E0FFF}
		{CB88004D-42D5-4486-9E57-AF1B69A30C8A} = {5850AAE8-5817-404F-BE17-1D923A6E0FFF}
		{B05D31C4-698A-422D-B284-0C7F6D435403} = {5850AAE8-5817-404F-BE17-1D923A6E0FFF}
	EndGlobalSection
	GlobalSection(ExtensibilityGlobals) = postSolution
		SolutionGuid = {2403335E-6329-4DF7-936B-E82CE9079E15}
	EndGlobalSection
EndGlobal
